
Microsoft Visual Studio Solution File, Format Version 9.00
# Visual Studio 2005
Project("{E24C65DC-7377-472B-9ABA-BC803B73C61A}") = "E:\...\ZoomLaCMS\", "..\ZoomLaCMS", "{0975CBDF-7778-4191-927E-AFC0346452F9}"
	ProjectSection(WebsiteProperties) = preProject
		Debug.AspNetCompiler.VirtualPath = "/ZoomLaCMS"
		Debug.AspNetCompiler.PhysicalPath = "..\publish\ZoomLaCMS\"
		Debug.AspNetCompiler.TargetPath = "PrecompiledWeb\ZoomLaCMS\"
		Debug.AspNetCompiler.Updateable = "true"
		Debug.AspNetCompiler.ForceOverwrite = "true"
		Debug.AspNetCompiler.FixedNames = "false"
		Debug.AspNetCompiler.Debug = "True"
		Release.AspNetCompiler.VirtualPath = "/ZoomLaCMS"
		Release.AspNetCompiler.PhysicalPath = "..\publish\ZoomLaCMS\"
		Release.AspNetCompiler.TargetPath = "PrecompiledWeb\ZoomLaCMS\"
		Release.AspNetCompiler.Updateable = "true"
		Release.AspNetCompiler.ForceOverwrite = "true"
		Release.AspNetCompiler.FixedNames = "false"
		Release.AspNetCompiler.Debug = "False"
		VWDPort = "2335"
	EndProjectSection
EndProject
Global
	GlobalSection(SolutionConfigurationPlatforms) = preSolution
		Debug|.NET = Debug|.NET
	EndGlobalSection
	GlobalSection(ProjectConfigurationPlatforms) = postSolution
		{0975CBDF-7778-4191-927E-AFC0346452F9}.Debug|.NET.ActiveCfg = Debug|.NET
		{0975CBDF-7778-4191-927E-AFC0346452F9}.Debug|.NET.Build.0 = Debug|.NET
	EndGlobalSection
	GlobalSection(SolutionProperties) = preSolution
		HideSolutionNode = FALSE
	EndGlobalSection
EndGlobal
