
Microsoft Visual Studio Solution File, Format Version 12.00
# Visual Studio 2013
VisualStudioVersion = 12.0.21005.1
MinimumVisualStudioVersion = 10.0.40219.1
Project("{2150E333-8FDC-42A3-9474-1A3956D46DE8}") = "Solution Items", "Solution Items", "{DBEC6CD3-5B8F-427C-8304-9BFD223C8B1D}"
	ProjectSection(SolutionItems) = preProject
		DBDiff.vsmdi = DBDiff.vsmdi
		localtestrun.testrunconfig = localtestrun.testrunconfig
	EndProjectSection
EndProject
Project("{2150E333-8FDC-42A3-9474-1A3956D46DE8}") = "References", "References", "{1704FA7C-5E57-458D-BDE4-5B008A9DB5E1}"
	ProjectSection(SolutionItems) = preProject
		References\Ascend.dll = References\Ascend.dll
		References\Ascend.Resources.dll = References\Ascend.Resources.dll
		References\Ascend.Windows.Forms.dll = References\Ascend.Windows.Forms.dll
		References\System.Data.SQLite.dll = References\System.Data.SQLite.dll
	EndProjectSection
EndProject
Project("{FAE04EC0-301F-11D3-BF4B-00C04F79EFBC}") = "DBDiff", "DBDiff\DBDiff.csproj", "{99A26820-E71D-4E01-ADF2-E6AB25B03FA0}"
EndProject
Global
	GlobalSection(SolutionConfigurationPlatforms) = preSolution
		Debug|Any CPU = Debug|Any CPU
		Debug|Mixed Platforms = Debug|Mixed Platforms
		Debug|Win32 = Debug|Win32
		Release|Any CPU = Release|Any CPU
		Release|Mixed Platforms = Release|Mixed Platforms
		Release|Win32 = Release|Win32
	EndGlobalSection
	GlobalSection(ProjectConfigurationPlatforms) = postSolution
		{99A26820-E71D-4E01-ADF2-E6AB25B03FA0}.Debug|Any CPU.ActiveCfg = Debug|Any CPU
		{99A26820-E71D-4E01-ADF2-E6AB25B03FA0}.Debug|Any CPU.Build.0 = Debug|Any CPU
		{99A26820-E71D-4E01-ADF2-E6AB25B03FA0}.Debug|Mixed Platforms.ActiveCfg = Debug|Any CPU
		{99A26820-E71D-4E01-ADF2-E6AB25B03FA0}.Debug|Mixed Platforms.Build.0 = Debug|Any CPU
		{99A26820-E71D-4E01-ADF2-E6AB25B03FA0}.Debug|Win32.ActiveCfg = Debug|Any CPU
		{99A26820-E71D-4E01-ADF2-E6AB25B03FA0}.Release|Any CPU.ActiveCfg = Release|Any CPU
		{99A26820-E71D-4E01-ADF2-E6AB25B03FA0}.Release|Any CPU.Build.0 = Release|Any CPU
		{99A26820-E71D-4E01-ADF2-E6AB25B03FA0}.Release|Mixed Platforms.ActiveCfg = Release|Any CPU
		{99A26820-E71D-4E01-ADF2-E6AB25B03FA0}.Release|Mixed Platforms.Build.0 = Release|Any CPU
		{99A26820-E71D-4E01-ADF2-E6AB25B03FA0}.Release|Win32.ActiveCfg = Release|Any CPU
	EndGlobalSection
	GlobalSection(SolutionProperties) = preSolution
		HideSolutionNode = FALSE
	EndGlobalSection
	GlobalSection(NestedProjects) = preSolution
		{1704FA7C-5E57-458D-BDE4-5B008A9DB5E1} = {DBEC6CD3-5B8F-427C-8304-9BFD223C8B1D}
	EndGlobalSection
EndGlobal
