
Microsoft Visual Studio Solution File, Format Version 12.00
# Visual Studio 2013
VisualStudioVersion = 12.0.21005.1
MinimumVisualStudioVersion = 10.0.40219.1
Project("{FAE04EC0-301F-11D3-BF4B-00C04F79EFBC}") = "WebFont", "WebFontCMD\WebFont.csproj", "{EA71AC4B-17DD-415A-8DA3-C04496409C60}"
EndProject
Project("{FAE04EC0-301F-11D3-BF4B-00C04F79EFBC}") = "SQLDAL", "SQLDAL\SQLDAL.csproj", "{EC5AF600-A671-480E-9090-C88F915DA160}"
EndProject
Global
	GlobalSection(SolutionConfigurationPlatforms) = preSolution
		Debug|Any CPU = Debug|Any CPU
		Release|Any CPU = Release|Any CPU
	EndGlobalSection
	GlobalSection(ProjectConfigurationPlatforms) = postSolution
		{EA71AC4B-17DD-415A-8DA3-C04496409C60}.Debug|Any CPU.ActiveCfg = Debug|Any CPU
		{EA71AC4B-17DD-415A-8DA3-C04496409C60}.Debug|Any CPU.Build.0 = Debug|Any CPU
		{EA71AC4B-17DD-415A-8DA3-C04496409C60}.Release|Any CPU.ActiveCfg = Release|Any CPU
		{EA71AC4B-17DD-415A-8DA3-C04496409C60}.Release|Any CPU.Build.0 = Release|Any CPU
		{EC5AF600-A671-480E-9090-C88F915DA160}.Debug|Any CPU.ActiveCfg = Debug|Any CPU
		{EC5AF600-A671-480E-9090-C88F915DA160}.Debug|Any CPU.Build.0 = Debug|Any CPU
		{EC5AF600-A671-480E-9090-C88F915DA160}.Release|Any CPU.ActiveCfg = Release|Any CPU
		{EC5AF600-A671-480E-9090-C88F915DA160}.Release|Any CPU.Build.0 = Release|Any CPU
	EndGlobalSection
	GlobalSection(SolutionProperties) = preSolution
		HideSolutionNode = FALSE
	EndGlobalSection
EndGlobal
