
Microsoft Visual Studio Solution File, Format Version 12.00
# Visual Studio 14
VisualStudioVersion = 14.0.24720.0
MinimumVisualStudioVersion = 10.0.40219.1
Project("{FAE04EC0-301F-11D3-BF4B-00C04F79EFBC}") = "ZoomLa.BLL", "ZoomLa.BLL\ZoomLa.BLL.csproj", "{74416C57-8828-44D9-AEE2-460589F26F80}"
EndProject
Project("{FAE04EC0-301F-11D3-BF4B-00C04F79EFBC}") = "ZoomLa.Common", "ZoomLa.Common\ZoomLa.Common.csproj", "{CF5BF041-1B6D-407C-83BF-8DA71B231036}"
EndProject
Project("{FAE04EC0-301F-11D3-BF4B-00C04F79EFBC}") = "ZoomLa.Components", "ZoomLa.Components\ZoomLa.Components.csproj", "{747DF7FC-C7C8-4485-B7D1-2679BFB0D6A2}"
EndProject
Project("{FAE04EC0-301F-11D3-BF4B-00C04F79EFBC}") = "ZoomLa.IDAL", "ZoomLa.IDAL\ZoomLa.IDAL.csproj", "{531535E0-E542-4608-8D7A-8D01068757FC}"
EndProject
Project("{FAE04EC0-301F-11D3-BF4B-00C04F79EFBC}") = "ZoomLa.Model", "ZoomLa.Model\ZoomLa.Model.csproj", "{823C9A18-F5A6-4F0A-9303-3392BF82AEA1}"
EndProject
Project("{FAE04EC0-301F-11D3-BF4B-00C04F79EFBC}") = "ZoomLa.PdoApi", "ZoomLa.PdoApi\ZoomLa.PdoApi.csproj", "{9E2BF8D3-7AC5-4101-B1CE-A13A74BA1ED3}"
EndProject
Project("{FAE04EC0-301F-11D3-BF4B-00C04F79EFBC}") = "ZoomLa.SQLDAL", "ZoomLa.SQLDAL\ZoomLa.SQLDAL.csproj", "{B7B158C7-A753-41A2-9193-633EC50F0912}"
EndProject
Project("{FAE04EC0-301F-11D3-BF4B-00C04F79EFBC}") = "ZoomLa.Web", "ZoomLa.Web\ZoomLa.Web.csproj", "{E2475E32-56D9-4D3B-AEA3-7E45FD0FA7EF}"
EndProject
Project("{FAE04EC0-301F-11D3-BF4B-00C04F79EFBC}") = "ZoomLa.DALFactory", "ZoomLa.DALFactory\ZoomLa.DALFactory.csproj", "{C2F87049-1861-458D-8C7D-E42782C1EC49}"
EndProject
Project("{FAE04EC0-301F-11D3-BF4B-00C04F79EFBC}") = "ZoomLa.Sns", "ZoomLa.Sns\ZoomLa.Sns.csproj", "{C056ABE2-B668-4757-ACD4-48342AB7F04C}"
EndProject
Project("{FAE04EC0-301F-11D3-BF4B-00C04F79EFBC}") = "ZoomLa.HtmlLabel", "ZoomLa.HtmlLabel\ZoomLa.HtmlLabel.csproj", "{C3FE06F5-1590-4480-80DE-11C9B4CDE020}"
EndProject
Project("{FAE04EC0-301F-11D3-BF4B-00C04F79EFBC}") = "ZoomLa.Ajax", "ZoomLa.Ajax\ZoomLa.Ajax.csproj", "{A3E37CDE-B75F-4CAD-B75B-F8C37A223D9C}"
EndProject
Project("{FAE04EC0-301F-11D3-BF4B-00C04F79EFBC}") = "StrConvHttpModule", "StrConvHttpModule\StrConvHttpModule.csproj", "{02DA15F9-E984-4EAF-AC10-33196FF7676D}"
EndProject
Project("{FAE04EC0-301F-11D3-BF4B-00C04F79EFBC}") = "ZoomLa.Controls", "ZoomLa.Controls\ZoomLa.Controls.csproj", "{EB6C58DB-FFF4-4C49-9BAC-536F250C9D3B}"
EndProject
Project("{E24C65DC-7377-472B-9ABA-BC803B73C61A}") = "ZoomLa.WebSite", "ZoomLa.WebSite\", "{F57F7065-0BD8-4709-BE9A-88B5912FA72E}"
	ProjectSection(WebsiteProperties) = preProject
		TargetFrameworkMoniker = ".NETFramework,Version%3Dv4.0"
		ProjectReferences = "{C2F87049-1861-458D-8C7D-E42782C1EC49}|ZoomLa.DALFactory.dll;{531535E0-E542-4608-8D7A-8D01068757FC}|ZoomLa.IDAL.dll;{B7B158C7-A753-41A2-9193-633EC50F0912}|ZoomLa.SQLDAL.dll;{CF5BF041-1B6D-407C-83BF-8DA71B231036}|ZoomLa.Common.dll;{747DF7FC-C7C8-4485-B7D1-2679BFB0D6A2}|ZoomLa.Components.dll;{823C9A18-F5A6-4F0A-9303-3392BF82AEA1}|ZoomLa.Model.dll;{74416C57-8828-44D9-AEE2-460589F26F80}|ZoomLa.BLL.dll;{A3E37CDE-B75F-4CAD-B75B-F8C37A223D9C}|ZoomLa.Ajax.dll;{5CAA43AA-CD38-4BC2-AA52-C1D7C618FE0F}|ZoomLa.Promotion.dll;"
		Debug.AspNetCompiler.VirtualPath = "/PrecompiledWeb"
		Debug.AspNetCompiler.PhysicalPath = "ZoomLa.WebSite\"
		Debug.AspNetCompiler.TargetPath = "ZoomLaCMS\PrecompiledWeb\"
		Debug.AspNetCompiler.Updateable = "true"
		Debug.AspNetCompiler.ForceOverwrite = "true"
		Debug.AspNetCompiler.FixedNames = "false"
		Debug.AspNetCompiler.Debug = "True"
		Release.AspNetCompiler.VirtualPath = "/PrecompiledWeb"
		Release.AspNetCompiler.PhysicalPath = "ZoomLa.WebSite\"
		Release.AspNetCompiler.TargetPath = "ZoomLaCMS\PrecompiledWeb\"
		Release.AspNetCompiler.Updateable = "true"
		Release.AspNetCompiler.ForceOverwrite = "true"
		Release.AspNetCompiler.FixedNames = "false"
		Release.AspNetCompiler.Debug = "False"
		VWDPort = "2574"
		SlnRelativePath = "ZoomLa.WebSite\"
		ProjOutputReferences = ""
	EndProjectSection
EndProject
Project("{F184B08F-C81C-45F6-A57F-5ABD9991F28F}") = "ZoomLa.Vbscript", "ZoomLa.Vbscript\ZoomLa.Vbscript.vbproj", "{03ED42ED-D8CA-4032-8403-4844304A582C}"
EndProject
Project("{FAE04EC0-301F-11D3-BF4B-00C04F79EFBC}") = "ZoomLa.Promotion", "ZoomLa.Promotion\ZoomLa.Promotion.csproj", "{5CAA43AA-CD38-4BC2-AA52-C1D7C618FE0F}"
EndProject
Project("{FAE04EC0-301F-11D3-BF4B-00C04F79EFBC}") = "URLRewriter", "UrlRewrite\URLRewriter\URLRewriter.csproj", "{31740848-5613-4864-8AEA-473B2483D982}"
EndProject
Project("{FAE04EC0-301F-11D3-BF4B-00C04F79EFBC}") = "ZoomLa.WebCommon", "ZoomLa.WebCommon\ZoomLa.WebCommon.csproj", "{2E0D85AB-070E-422A-958E-FAF9519408CA}"
EndProject
Project("{FAE04EC0-301F-11D3-BF4B-00C04F79EFBC}") = "ZoomLa.IHttpHandler", "ZoomLa.IHttpHandler\ZoomLa.IHttpHandler.csproj", "{5F82A112-9535-4B08-80AE-C5ED69E80CD3}"
EndProject
Global
	GlobalSection(SolutionConfigurationPlatforms) = preSolution
		Debug|.NET = Debug|.NET
		Debug|Any CPU = Debug|Any CPU
		Debug|Mixed Platforms = Debug|Mixed Platforms
		Debug|x86 = Debug|x86
		Release|.NET = Release|.NET
		Release|Any CPU = Release|Any CPU
		Release|Mixed Platforms = Release|Mixed Platforms
		Release|x86 = Release|x86
	EndGlobalSection
	GlobalSection(ProjectConfigurationPlatforms) = postSolution
		{74416C57-8828-44D9-AEE2-460589F26F80}.Debug|.NET.ActiveCfg = Debug|Any CPU
		{74416C57-8828-44D9-AEE2-460589F26F80}.Debug|Any CPU.ActiveCfg = Debug|Any CPU
		{74416C57-8828-44D9-AEE2-460589F26F80}.Debug|Any CPU.Build.0 = Debug|Any CPU
		{74416C57-8828-44D9-AEE2-460589F26F80}.Debug|Mixed Platforms.ActiveCfg = Release|Any CPU
		{74416C57-8828-44D9-AEE2-460589F26F80}.Debug|Mixed Platforms.Build.0 = Release|Any CPU
		{74416C57-8828-44D9-AEE2-460589F26F80}.Debug|x86.ActiveCfg = Debug|Any CPU
		{74416C57-8828-44D9-AEE2-460589F26F80}.Release|.NET.ActiveCfg = Release|Any CPU
		{74416C57-8828-44D9-AEE2-460589F26F80}.Release|.NET.Build.0 = Release|Any CPU
		{74416C57-8828-44D9-AEE2-460589F26F80}.Release|Any CPU.ActiveCfg = Release|Any CPU
		{74416C57-8828-44D9-AEE2-460589F26F80}.Release|Any CPU.Build.0 = Release|Any CPU
		{74416C57-8828-44D9-AEE2-460589F26F80}.Release|Mixed Platforms.ActiveCfg = Release|Any CPU
		{74416C57-8828-44D9-AEE2-460589F26F80}.Release|Mixed Platforms.Build.0 = Release|Any CPU
		{74416C57-8828-44D9-AEE2-460589F26F80}.Release|x86.ActiveCfg = Release|Any CPU
		{CF5BF041-1B6D-407C-83BF-8DA71B231036}.Debug|.NET.ActiveCfg = Debug|Any CPU
		{CF5BF041-1B6D-407C-83BF-8DA71B231036}.Debug|Any CPU.ActiveCfg = Debug|Any CPU
		{CF5BF041-1B6D-407C-83BF-8DA71B231036}.Debug|Any CPU.Build.0 = Debug|Any CPU
		{CF5BF041-1B6D-407C-83BF-8DA71B231036}.Debug|Mixed Platforms.ActiveCfg = Release|Any CPU
		{CF5BF041-1B6D-407C-83BF-8DA71B231036}.Debug|Mixed Platforms.Build.0 = Release|Any CPU
		{CF5BF041-1B6D-407C-83BF-8DA71B231036}.Debug|x86.ActiveCfg = Debug|Any CPU
		{CF5BF041-1B6D-407C-83BF-8DA71B231036}.Release|.NET.ActiveCfg = Release|Any CPU
		{CF5BF041-1B6D-407C-83BF-8DA71B231036}.Release|.NET.Build.0 = Release|Any CPU
		{CF5BF041-1B6D-407C-83BF-8DA71B231036}.Release|Any CPU.ActiveCfg = Release|Any CPU
		{CF5BF041-1B6D-407C-83BF-8DA71B231036}.Release|Any CPU.Build.0 = Release|Any CPU
		{CF5BF041-1B6D-407C-83BF-8DA71B231036}.Release|Mixed Platforms.ActiveCfg = Release|Any CPU
		{CF5BF041-1B6D-407C-83BF-8DA71B231036}.Release|Mixed Platforms.Build.0 = Release|Any CPU
		{CF5BF041-1B6D-407C-83BF-8DA71B231036}.Release|x86.ActiveCfg = Release|Any CPU
		{747DF7FC-C7C8-4485-B7D1-2679BFB0D6A2}.Debug|.NET.ActiveCfg = Debug|Any CPU
		{747DF7FC-C7C8-4485-B7D1-2679BFB0D6A2}.Debug|Any CPU.ActiveCfg = Debug|Any CPU
		{747DF7FC-C7C8-4485-B7D1-2679BFB0D6A2}.Debug|Any CPU.Build.0 = Debug|Any CPU
		{747DF7FC-C7C8-4485-B7D1-2679BFB0D6A2}.Debug|Mixed Platforms.ActiveCfg = Release|Any CPU
		{747DF7FC-C7C8-4485-B7D1-2679BFB0D6A2}.Debug|Mixed Platforms.Build.0 = Release|Any CPU
		{747DF7FC-C7C8-4485-B7D1-2679BFB0D6A2}.Debug|x86.ActiveCfg = Debug|Any CPU
		{747DF7FC-C7C8-4485-B7D1-2679BFB0D6A2}.Release|.NET.ActiveCfg = Release|Any CPU
		{747DF7FC-C7C8-4485-B7D1-2679BFB0D6A2}.Release|.NET.Build.0 = Release|Any CPU
		{747DF7FC-C7C8-4485-B7D1-2679BFB0D6A2}.Release|Any CPU.ActiveCfg = Release|Any CPU
		{747DF7FC-C7C8-4485-B7D1-2679BFB0D6A2}.Release|Any CPU.Build.0 = Release|Any CPU
		{747DF7FC-C7C8-4485-B7D1-2679BFB0D6A2}.Release|Mixed Platforms.ActiveCfg = Release|Any CPU
		{747DF7FC-C7C8-4485-B7D1-2679BFB0D6A2}.Release|Mixed Platforms.Build.0 = Release|Any CPU
		{747DF7FC-C7C8-4485-B7D1-2679BFB0D6A2}.Release|x86.ActiveCfg = Release|Any CPU
		{531535E0-E542-4608-8D7A-8D01068757FC}.Debug|.NET.ActiveCfg = Debug|Any CPU
		{531535E0-E542-4608-8D7A-8D01068757FC}.Debug|Any CPU.ActiveCfg = Debug|Any CPU
		{531535E0-E542-4608-8D7A-8D01068757FC}.Debug|Any CPU.Build.0 = Debug|Any CPU
		{531535E0-E542-4608-8D7A-8D01068757FC}.Debug|Mixed Platforms.ActiveCfg = Release|Any CPU
		{531535E0-E542-4608-8D7A-8D01068757FC}.Debug|Mixed Platforms.Build.0 = Release|Any CPU
		{531535E0-E542-4608-8D7A-8D01068757FC}.Debug|x86.ActiveCfg = Debug|Any CPU
		{531535E0-E542-4608-8D7A-8D01068757FC}.Release|.NET.ActiveCfg = Release|Any CPU
		{531535E0-E542-4608-8D7A-8D01068757FC}.Release|.NET.Build.0 = Release|Any CPU
		{531535E0-E542-4608-8D7A-8D01068757FC}.Release|Any CPU.ActiveCfg = Release|Any CPU
		{531535E0-E542-4608-8D7A-8D01068757FC}.Release|Any CPU.Build.0 = Release|Any CPU
		{531535E0-E542-4608-8D7A-8D01068757FC}.Release|Mixed Platforms.ActiveCfg = Release|Any CPU
		{531535E0-E542-4608-8D7A-8D01068757FC}.Release|Mixed Platforms.Build.0 = Release|Any CPU
		{531535E0-E542-4608-8D7A-8D01068757FC}.Release|x86.ActiveCfg = Release|Any CPU
		{823C9A18-F5A6-4F0A-9303-3392BF82AEA1}.Debug|.NET.ActiveCfg = Debug|Any CPU
		{823C9A18-F5A6-4F0A-9303-3392BF82AEA1}.Debug|Any CPU.ActiveCfg = Debug|Any CPU
		{823C9A18-F5A6-4F0A-9303-3392BF82AEA1}.Debug|Any CPU.Build.0 = Debug|Any CPU
		{823C9A18-F5A6-4F0A-9303-3392BF82AEA1}.Debug|Mixed Platforms.ActiveCfg = Release|Any CPU
		{823C9A18-F5A6-4F0A-9303-3392BF82AEA1}.Debug|Mixed Platforms.Build.0 = Release|Any CPU
		{823C9A18-F5A6-4F0A-9303-3392BF82AEA1}.Debug|x86.ActiveCfg = Debug|Any CPU
		{823C9A18-F5A6-4F0A-9303-3392BF82AEA1}.Release|.NET.ActiveCfg = Release|Any CPU
		{823C9A18-F5A6-4F0A-9303-3392BF82AEA1}.Release|.NET.Build.0 = Release|Any CPU
		{823C9A18-F5A6-4F0A-9303-3392BF82AEA1}.Release|Any CPU.ActiveCfg = Release|Any CPU
		{823C9A18-F5A6-4F0A-9303-3392BF82AEA1}.Release|Any CPU.Build.0 = Release|Any CPU
		{823C9A18-F5A6-4F0A-9303-3392BF82AEA1}.Release|Mixed Platforms.ActiveCfg = Release|Any CPU
		{823C9A18-F5A6-4F0A-9303-3392BF82AEA1}.Release|Mixed Platforms.Build.0 = Release|Any CPU
		{823C9A18-F5A6-4F0A-9303-3392BF82AEA1}.Release|x86.ActiveCfg = Release|Any CPU
		{9E2BF8D3-7AC5-4101-B1CE-A13A74BA1ED3}.Debug|.NET.ActiveCfg = Debug|Any CPU
		{9E2BF8D3-7AC5-4101-B1CE-A13A74BA1ED3}.Debug|Any CPU.ActiveCfg = Debug|Any CPU
		{9E2BF8D3-7AC5-4101-B1CE-A13A74BA1ED3}.Debug|Any CPU.Build.0 = Debug|Any CPU
		{9E2BF8D3-7AC5-4101-B1CE-A13A74BA1ED3}.Debug|Mixed Platforms.ActiveCfg = Release|Any CPU
		{9E2BF8D3-7AC5-4101-B1CE-A13A74BA1ED3}.Debug|Mixed Platforms.Build.0 = Release|Any CPU
		{9E2BF8D3-7AC5-4101-B1CE-A13A74BA1ED3}.Debug|x86.ActiveCfg = Debug|Any CPU
		{9E2BF8D3-7AC5-4101-B1CE-A13A74BA1ED3}.Release|.NET.ActiveCfg = Release|Any CPU
		{9E2BF8D3-7AC5-4101-B1CE-A13A74BA1ED3}.Release|.NET.Build.0 = Release|Any CPU
		{9E2BF8D3-7AC5-4101-B1CE-A13A74BA1ED3}.Release|Any CPU.ActiveCfg = Release|Any CPU
		{9E2BF8D3-7AC5-4101-B1CE-A13A74BA1ED3}.Release|Any CPU.Build.0 = Release|Any CPU
		{9E2BF8D3-7AC5-4101-B1CE-A13A74BA1ED3}.Release|Mixed Platforms.ActiveCfg = Release|Any CPU
		{9E2BF8D3-7AC5-4101-B1CE-A13A74BA1ED3}.Release|Mixed Platforms.Build.0 = Release|Any CPU
		{9E2BF8D3-7AC5-4101-B1CE-A13A74BA1ED3}.Release|x86.ActiveCfg = Release|Any CPU
		{B7B158C7-A753-41A2-9193-633EC50F0912}.Debug|.NET.ActiveCfg = Debug|Any CPU
		{B7B158C7-A753-41A2-9193-633EC50F0912}.Debug|Any CPU.ActiveCfg = Debug|Any CPU
		{B7B158C7-A753-41A2-9193-633EC50F0912}.Debug|Any CPU.Build.0 = Debug|Any CPU
		{B7B158C7-A753-41A2-9193-633EC50F0912}.Debug|Mixed Platforms.ActiveCfg = Release|Any CPU
		{B7B158C7-A753-41A2-9193-633EC50F0912}.Debug|Mixed Platforms.Build.0 = Release|Any CPU
		{B7B158C7-A753-41A2-9193-633EC50F0912}.Debug|x86.ActiveCfg = Debug|Any CPU
		{B7B158C7-A753-41A2-9193-633EC50F0912}.Release|.NET.ActiveCfg = Release|Any CPU
		{B7B158C7-A753-41A2-9193-633EC50F0912}.Release|.NET.Build.0 = Release|Any CPU
		{B7B158C7-A753-41A2-9193-633EC50F0912}.Release|Any CPU.ActiveCfg = Release|Any CPU
		{B7B158C7-A753-41A2-9193-633EC50F0912}.Release|Any CPU.Build.0 = Release|Any CPU
		{B7B158C7-A753-41A2-9193-633EC50F0912}.Release|Mixed Platforms.ActiveCfg = Release|Any CPU
		{B7B158C7-A753-41A2-9193-633EC50F0912}.Release|Mixed Platforms.Build.0 = Release|Any CPU
		{B7B158C7-A753-41A2-9193-633EC50F0912}.Release|x86.ActiveCfg = Release|Any CPU
		{E2475E32-56D9-4D3B-AEA3-7E45FD0FA7EF}.Debug|.NET.ActiveCfg = Debug|Any CPU
		{E2475E32-56D9-4D3B-AEA3-7E45FD0FA7EF}.Debug|Any CPU.ActiveCfg = Debug|Any CPU
		{E2475E32-56D9-4D3B-AEA3-7E45FD0FA7EF}.Debug|Any CPU.Build.0 = Debug|Any CPU
		{E2475E32-56D9-4D3B-AEA3-7E45FD0FA7EF}.Debug|Mixed Platforms.ActiveCfg = Release|Any CPU
		{E2475E32-56D9-4D3B-AEA3-7E45FD0FA7EF}.Debug|Mixed Platforms.Build.0 = Release|Any CPU
		{E2475E32-56D9-4D3B-AEA3-7E45FD0FA7EF}.Debug|x86.ActiveCfg = Debug|Any CPU
		{E2475E32-56D9-4D3B-AEA3-7E45FD0FA7EF}.Release|.NET.ActiveCfg = Release|Any CPU
		{E2475E32-56D9-4D3B-AEA3-7E45FD0FA7EF}.Release|.NET.Build.0 = Release|Any CPU
		{E2475E32-56D9-4D3B-AEA3-7E45FD0FA7EF}.Release|Any CPU.ActiveCfg = Release|Any CPU
		{E2475E32-56D9-4D3B-AEA3-7E45FD0FA7EF}.Release|Any CPU.Build.0 = Release|Any CPU
		{E2475E32-56D9-4D3B-AEA3-7E45FD0FA7EF}.Release|Mixed Platforms.ActiveCfg = Release|Any CPU
		{E2475E32-56D9-4D3B-AEA3-7E45FD0FA7EF}.Release|Mixed Platforms.Build.0 = Release|Any CPU
		{E2475E32-56D9-4D3B-AEA3-7E45FD0FA7EF}.Release|x86.ActiveCfg = Release|Any CPU
		{C2F87049-1861-458D-8C7D-E42782C1EC49}.Debug|.NET.ActiveCfg = Debug|Any CPU
		{C2F87049-1861-458D-8C7D-E42782C1EC49}.Debug|Any CPU.ActiveCfg = Debug|Any CPU
		{C2F87049-1861-458D-8C7D-E42782C1EC49}.Debug|Any CPU.Build.0 = Debug|Any CPU
		{C2F87049-1861-458D-8C7D-E42782C1EC49}.Debug|Mixed Platforms.ActiveCfg = Release|Any CPU
		{C2F87049-1861-458D-8C7D-E42782C1EC49}.Debug|Mixed Platforms.Build.0 = Release|Any CPU
		{C2F87049-1861-458D-8C7D-E42782C1EC49}.Debug|x86.ActiveCfg = Debug|Any CPU
		{C2F87049-1861-458D-8C7D-E42782C1EC49}.Release|.NET.ActiveCfg = Release|Any CPU
		{C2F87049-1861-458D-8C7D-E42782C1EC49}.Release|.NET.Build.0 = Release|Any CPU
		{C2F87049-1861-458D-8C7D-E42782C1EC49}.Release|Any CPU.ActiveCfg = Release|Any CPU
		{C2F87049-1861-458D-8C7D-E42782C1EC49}.Release|Any CPU.Build.0 = Release|Any CPU
		{C2F87049-1861-458D-8C7D-E42782C1EC49}.Release|Mixed Platforms.ActiveCfg = Release|Any CPU
		{C2F87049-1861-458D-8C7D-E42782C1EC49}.Release|Mixed Platforms.Build.0 = Release|Any CPU
		{C2F87049-1861-458D-8C7D-E42782C1EC49}.Release|x86.ActiveCfg = Release|Any CPU
		{C056ABE2-B668-4757-ACD4-48342AB7F04C}.Debug|.NET.ActiveCfg = Debug|Any CPU
		{C056ABE2-B668-4757-ACD4-48342AB7F04C}.Debug|Any CPU.ActiveCfg = Debug|Any CPU
		{C056ABE2-B668-4757-ACD4-48342AB7F04C}.Debug|Any CPU.Build.0 = Debug|Any CPU
		{C056ABE2-B668-4757-ACD4-48342AB7F04C}.Debug|Mixed Platforms.ActiveCfg = Release|Any CPU
		{C056ABE2-B668-4757-ACD4-48342AB7F04C}.Debug|Mixed Platforms.Build.0 = Release|Any CPU
		{C056ABE2-B668-4757-ACD4-48342AB7F04C}.Debug|x86.ActiveCfg = Debug|Any CPU
		{C056ABE2-B668-4757-ACD4-48342AB7F04C}.Release|.NET.ActiveCfg = Release|Any CPU
		{C056ABE2-B668-4757-ACD4-48342AB7F04C}.Release|Any CPU.ActiveCfg = Release|Any CPU
		{C056ABE2-B668-4757-ACD4-48342AB7F04C}.Release|Any CPU.Build.0 = Release|Any CPU
		{C056ABE2-B668-4757-ACD4-48342AB7F04C}.Release|Mixed Platforms.ActiveCfg = Release|Any CPU
		{C056ABE2-B668-4757-ACD4-48342AB7F04C}.Release|Mixed Platforms.Build.0 = Release|Any CPU
		{C056ABE2-B668-4757-ACD4-48342AB7F04C}.Release|x86.ActiveCfg = Release|Any CPU
		{C3FE06F5-1590-4480-80DE-11C9B4CDE020}.Debug|.NET.ActiveCfg = Debug|Any CPU
		{C3FE06F5-1590-4480-80DE-11C9B4CDE020}.Debug|Any CPU.ActiveCfg = Debug|Any CPU
		{C3FE06F5-1590-4480-80DE-11C9B4CDE020}.Debug|Any CPU.Build.0 = Debug|Any CPU
		{C3FE06F5-1590-4480-80DE-11C9B4CDE020}.Debug|Mixed Platforms.ActiveCfg = Release|Any CPU
		{C3FE06F5-1590-4480-80DE-11C9B4CDE020}.Debug|Mixed Platforms.Build.0 = Release|Any CPU
		{C3FE06F5-1590-4480-80DE-11C9B4CDE020}.Debug|x86.ActiveCfg = Debug|Any CPU
		{C3FE06F5-1590-4480-80DE-11C9B4CDE020}.Release|.NET.ActiveCfg = Release|Any CPU
		{C3FE06F5-1590-4480-80DE-11C9B4CDE020}.Release|Any CPU.ActiveCfg = Release|Any CPU
		{C3FE06F5-1590-4480-80DE-11C9B4CDE020}.Release|Any CPU.Build.0 = Release|Any CPU
		{C3FE06F5-1590-4480-80DE-11C9B4CDE020}.Release|Mixed Platforms.ActiveCfg = Release|Any CPU
		{C3FE06F5-1590-4480-80DE-11C9B4CDE020}.Release|Mixed Platforms.Build.0 = Release|Any CPU
		{C3FE06F5-1590-4480-80DE-11C9B4CDE020}.Release|x86.ActiveCfg = Release|Any CPU
		{A3E37CDE-B75F-4CAD-B75B-F8C37A223D9C}.Debug|.NET.ActiveCfg = Debug|Any CPU
		{A3E37CDE-B75F-4CAD-B75B-F8C37A223D9C}.Debug|Any CPU.ActiveCfg = Debug|Any CPU
		{A3E37CDE-B75F-4CAD-B75B-F8C37A223D9C}.Debug|Any CPU.Build.0 = Debug|Any CPU
		{A3E37CDE-B75F-4CAD-B75B-F8C37A223D9C}.Debug|Mixed Platforms.ActiveCfg = Release|Any CPU
		{A3E37CDE-B75F-4CAD-B75B-F8C37A223D9C}.Debug|Mixed Platforms.Build.0 = Release|Any CPU
		{A3E37CDE-B75F-4CAD-B75B-F8C37A223D9C}.Debug|x86.ActiveCfg = Debug|Any CPU
		{A3E37CDE-B75F-4CAD-B75B-F8C37A223D9C}.Release|.NET.ActiveCfg = Release|Any CPU
		{A3E37CDE-B75F-4CAD-B75B-F8C37A223D9C}.Release|Any CPU.ActiveCfg = Release|Any CPU
		{A3E37CDE-B75F-4CAD-B75B-F8C37A223D9C}.Release|Any CPU.Build.0 = Release|Any CPU
		{A3E37CDE-B75F-4CAD-B75B-F8C37A223D9C}.Release|Mixed Platforms.ActiveCfg = Release|Any CPU
		{A3E37CDE-B75F-4CAD-B75B-F8C37A223D9C}.Release|Mixed Platforms.Build.0 = Release|Any CPU
		{A3E37CDE-B75F-4CAD-B75B-F8C37A223D9C}.Release|x86.ActiveCfg = Release|Any CPU
		{02DA15F9-E984-4EAF-AC10-33196FF7676D}.Debug|.NET.ActiveCfg = Debug|Any CPU
		{02DA15F9-E984-4EAF-AC10-33196FF7676D}.Debug|Any CPU.ActiveCfg = Debug|Any CPU
		{02DA15F9-E984-4EAF-AC10-33196FF7676D}.Debug|Any CPU.Build.0 = Debug|Any CPU
		{02DA15F9-E984-4EAF-AC10-33196FF7676D}.Debug|Mixed Platforms.ActiveCfg = Release|Any CPU
		{02DA15F9-E984-4EAF-AC10-33196FF7676D}.Debug|Mixed Platforms.Build.0 = Release|Any CPU
		{02DA15F9-E984-4EAF-AC10-33196FF7676D}.Debug|x86.ActiveCfg = Debug|Any CPU
		{02DA15F9-E984-4EAF-AC10-33196FF7676D}.Release|.NET.ActiveCfg = Release|Any CPU
		{02DA15F9-E984-4EAF-AC10-33196FF7676D}.Release|Any CPU.ActiveCfg = Release|Any CPU
		{02DA15F9-E984-4EAF-AC10-33196FF7676D}.Release|Any CPU.Build.0 = Release|Any CPU
		{02DA15F9-E984-4EAF-AC10-33196FF7676D}.Release|Mixed Platforms.ActiveCfg = Release|Any CPU
		{02DA15F9-E984-4EAF-AC10-33196FF7676D}.Release|Mixed Platforms.Build.0 = Release|Any CPU
		{02DA15F9-E984-4EAF-AC10-33196FF7676D}.Release|x86.ActiveCfg = Release|Any CPU
		{EB6C58DB-FFF4-4C49-9BAC-536F250C9D3B}.Debug|.NET.ActiveCfg = Debug|Any CPU
		{EB6C58DB-FFF4-4C49-9BAC-536F250C9D3B}.Debug|Any CPU.ActiveCfg = Debug|Any CPU
		{EB6C58DB-FFF4-4C49-9BAC-536F250C9D3B}.Debug|Any CPU.Build.0 = Debug|Any CPU
		{EB6C58DB-FFF4-4C49-9BAC-536F250C9D3B}.Debug|Mixed Platforms.ActiveCfg = Release|Any CPU
		{EB6C58DB-FFF4-4C49-9BAC-536F250C9D3B}.Debug|Mixed Platforms.Build.0 = Release|Any CPU
		{EB6C58DB-FFF4-4C49-9BAC-536F250C9D3B}.Debug|x86.ActiveCfg = Debug|Any CPU
		{EB6C58DB-FFF4-4C49-9BAC-536F250C9D3B}.Release|.NET.ActiveCfg = Release|Any CPU
		{EB6C58DB-FFF4-4C49-9BAC-536F250C9D3B}.Release|Any CPU.ActiveCfg = Release|Any CPU
		{EB6C58DB-FFF4-4C49-9BAC-536F250C9D3B}.Release|Any CPU.Build.0 = Release|Any CPU
		{EB6C58DB-FFF4-4C49-9BAC-536F250C9D3B}.Release|Mixed Platforms.ActiveCfg = Release|Any CPU
		{EB6C58DB-FFF4-4C49-9BAC-536F250C9D3B}.Release|Mixed Platforms.Build.0 = Release|Any CPU
		{EB6C58DB-FFF4-4C49-9BAC-536F250C9D3B}.Release|x86.ActiveCfg = Release|Any CPU
		{F57F7065-0BD8-4709-BE9A-88B5912FA72E}.Debug|.NET.ActiveCfg = Debug|Any CPU
		{F57F7065-0BD8-4709-BE9A-88B5912FA72E}.Debug|Any CPU.ActiveCfg = Debug|Any CPU
		{F57F7065-0BD8-4709-BE9A-88B5912FA72E}.Debug|Any CPU.Build.0 = Debug|Any CPU
		{F57F7065-0BD8-4709-BE9A-88B5912FA72E}.Debug|Mixed Platforms.ActiveCfg = Debug|Any CPU
		{F57F7065-0BD8-4709-BE9A-88B5912FA72E}.Debug|Mixed Platforms.Build.0 = Debug|Any CPU
		{F57F7065-0BD8-4709-BE9A-88B5912FA72E}.Debug|x86.ActiveCfg = Debug|Any CPU
		{F57F7065-0BD8-4709-BE9A-88B5912FA72E}.Release|.NET.ActiveCfg = Debug|Any CPU
		{F57F7065-0BD8-4709-BE9A-88B5912FA72E}.Release|Any CPU.ActiveCfg = Debug|Any CPU
		{F57F7065-0BD8-4709-BE9A-88B5912FA72E}.Release|Any CPU.Build.0 = Debug|Any CPU
		{F57F7065-0BD8-4709-BE9A-88B5912FA72E}.Release|Mixed Platforms.ActiveCfg = Debug|Any CPU
		{F57F7065-0BD8-4709-BE9A-88B5912FA72E}.Release|Mixed Platforms.Build.0 = Debug|Any CPU
		{F57F7065-0BD8-4709-BE9A-88B5912FA72E}.Release|x86.ActiveCfg = Debug|Any CPU
		{03ED42ED-D8CA-4032-8403-4844304A582C}.Debug|.NET.ActiveCfg = Debug|Any CPU
		{03ED42ED-D8CA-4032-8403-4844304A582C}.Debug|Any CPU.ActiveCfg = Debug|Any CPU
		{03ED42ED-D8CA-4032-8403-4844304A582C}.Debug|Any CPU.Build.0 = Debug|Any CPU
		{03ED42ED-D8CA-4032-8403-4844304A582C}.Debug|Mixed Platforms.ActiveCfg = Release|Any CPU
		{03ED42ED-D8CA-4032-8403-4844304A582C}.Debug|Mixed Platforms.Build.0 = Release|Any CPU
		{03ED42ED-D8CA-4032-8403-4844304A582C}.Debug|x86.ActiveCfg = Debug|Any CPU
		{03ED42ED-D8CA-4032-8403-4844304A582C}.Release|.NET.ActiveCfg = Release|Any CPU
		{03ED42ED-D8CA-4032-8403-4844304A582C}.Release|Any CPU.ActiveCfg = Release|Any CPU
		{03ED42ED-D8CA-4032-8403-4844304A582C}.Release|Any CPU.Build.0 = Release|Any CPU
		{03ED42ED-D8CA-4032-8403-4844304A582C}.Release|Mixed Platforms.ActiveCfg = Release|Any CPU
		{03ED42ED-D8CA-4032-8403-4844304A582C}.Release|Mixed Platforms.Build.0 = Release|Any CPU
		{03ED42ED-D8CA-4032-8403-4844304A582C}.Release|x86.ActiveCfg = Release|Any CPU
		{5CAA43AA-CD38-4BC2-AA52-C1D7C618FE0F}.Debug|.NET.ActiveCfg = Debug|Any CPU
		{5CAA43AA-CD38-4BC2-AA52-C1D7C618FE0F}.Debug|Any CPU.ActiveCfg = Debug|Any CPU
		{5CAA43AA-CD38-4BC2-AA52-C1D7C618FE0F}.Debug|Any CPU.Build.0 = Debug|Any CPU
		{5CAA43AA-CD38-4BC2-AA52-C1D7C618FE0F}.Debug|Mixed Platforms.ActiveCfg = Release|Any CPU
		{5CAA43AA-CD38-4BC2-AA52-C1D7C618FE0F}.Debug|Mixed Platforms.Build.0 = Release|Any CPU
		{5CAA43AA-CD38-4BC2-AA52-C1D7C618FE0F}.Debug|x86.ActiveCfg = Debug|Any CPU
		{5CAA43AA-CD38-4BC2-AA52-C1D7C618FE0F}.Release|.NET.ActiveCfg = Release|Any CPU
		{5CAA43AA-CD38-4BC2-AA52-C1D7C618FE0F}.Release|Any CPU.ActiveCfg = Release|Any CPU
		{5CAA43AA-CD38-4BC2-AA52-C1D7C618FE0F}.Release|Any CPU.Build.0 = Release|Any CPU
		{5CAA43AA-CD38-4BC2-AA52-C1D7C618FE0F}.Release|Mixed Platforms.ActiveCfg = Release|Any CPU
		{5CAA43AA-CD38-4BC2-AA52-C1D7C618FE0F}.Release|Mixed Platforms.Build.0 = Release|Any CPU
		{5CAA43AA-CD38-4BC2-AA52-C1D7C618FE0F}.Release|x86.ActiveCfg = Release|Any CPU
		{31740848-5613-4864-8AEA-473B2483D982}.Debug|.NET.ActiveCfg = Debug|Any CPU
		{31740848-5613-4864-8AEA-473B2483D982}.Debug|Any CPU.ActiveCfg = Debug|Any CPU
		{31740848-5613-4864-8AEA-473B2483D982}.Debug|Any CPU.Build.0 = Debug|Any CPU
		{31740848-5613-4864-8AEA-473B2483D982}.Debug|Mixed Platforms.ActiveCfg = Release|Any CPU
		{31740848-5613-4864-8AEA-473B2483D982}.Debug|Mixed Platforms.Build.0 = Release|Any CPU
		{31740848-5613-4864-8AEA-473B2483D982}.Debug|x86.ActiveCfg = Debug|Any CPU
		{31740848-5613-4864-8AEA-473B2483D982}.Release|.NET.ActiveCfg = Release|Any CPU
		{31740848-5613-4864-8AEA-473B2483D982}.Release|Any CPU.ActiveCfg = Release|Any CPU
		{31740848-5613-4864-8AEA-473B2483D982}.Release|Any CPU.Build.0 = Release|Any CPU
		{31740848-5613-4864-8AEA-473B2483D982}.Release|Mixed Platforms.ActiveCfg = Release|Any CPU
		{31740848-5613-4864-8AEA-473B2483D982}.Release|Mixed Platforms.Build.0 = Release|Any CPU
		{31740848-5613-4864-8AEA-473B2483D982}.Release|x86.ActiveCfg = Release|Any CPU
		{2E0D85AB-070E-422A-958E-FAF9519408CA}.Debug|.NET.ActiveCfg = Debug|Any CPU
		{2E0D85AB-070E-422A-958E-FAF9519408CA}.Debug|Any CPU.ActiveCfg = Debug|Any CPU
		{2E0D85AB-070E-422A-958E-FAF9519408CA}.Debug|Any CPU.Build.0 = Debug|Any CPU
		{2E0D85AB-070E-422A-958E-FAF9519408CA}.Debug|Mixed Platforms.ActiveCfg = Release|Any CPU
		{2E0D85AB-070E-422A-958E-FAF9519408CA}.Debug|Mixed Platforms.Build.0 = Release|Any CPU
		{2E0D85AB-070E-422A-958E-FAF9519408CA}.Debug|x86.ActiveCfg = Debug|Any CPU
		{2E0D85AB-070E-422A-958E-FAF9519408CA}.Release|.NET.ActiveCfg = Release|Any CPU
		{2E0D85AB-070E-422A-958E-FAF9519408CA}.Release|Any CPU.ActiveCfg = Release|Any CPU
		{2E0D85AB-070E-422A-958E-FAF9519408CA}.Release|Any CPU.Build.0 = Release|Any CPU
		{2E0D85AB-070E-422A-958E-FAF9519408CA}.Release|Mixed Platforms.ActiveCfg = Release|Any CPU
		{2E0D85AB-070E-422A-958E-FAF9519408CA}.Release|Mixed Platforms.Build.0 = Release|Any CPU
		{2E0D85AB-070E-422A-958E-FAF9519408CA}.Release|x86.ActiveCfg = Release|Any CPU
		{5F82A112-9535-4B08-80AE-C5ED69E80CD3}.Debug|.NET.ActiveCfg = Debug|Any CPU
		{5F82A112-9535-4B08-80AE-C5ED69E80CD3}.Debug|Any CPU.ActiveCfg = Debug|Any CPU
		{5F82A112-9535-4B08-80AE-C5ED69E80CD3}.Debug|Any CPU.Build.0 = Debug|Any CPU
		{5F82A112-9535-4B08-80AE-C5ED69E80CD3}.Debug|Mixed Platforms.ActiveCfg = Debug|Any CPU
		{5F82A112-9535-4B08-80AE-C5ED69E80CD3}.Debug|Mixed Platforms.Build.0 = Debug|Any CPU
		{5F82A112-9535-4B08-80AE-C5ED69E80CD3}.Debug|x86.ActiveCfg = Debug|Any CPU
		{5F82A112-9535-4B08-80AE-C5ED69E80CD3}.Release|.NET.ActiveCfg = Release|Any CPU
		{5F82A112-9535-4B08-80AE-C5ED69E80CD3}.Release|Any CPU.ActiveCfg = Release|Any CPU
		{5F82A112-9535-4B08-80AE-C5ED69E80CD3}.Release|Any CPU.Build.0 = Release|Any CPU
		{5F82A112-9535-4B08-80AE-C5ED69E80CD3}.Release|Mixed Platforms.ActiveCfg = Release|Any CPU
		{5F82A112-9535-4B08-80AE-C5ED69E80CD3}.Release|Mixed Platforms.Build.0 = Release|Any CPU
		{5F82A112-9535-4B08-80AE-C5ED69E80CD3}.Release|x86.ActiveCfg = Release|Any CPU
	EndGlobalSection
	GlobalSection(SolutionProperties) = preSolution
		HideSolutionNode = FALSE
	EndGlobalSection
EndGlobal
